github.com/akamensky/argparse v1.4.0 h1:YGzvsTqCvbEZhL8zZu2AiA5nq805NZh75JNj4ajn1xc=
github.com/akamensky/argparse v1.4.0/go.mod h1:S5kwC7IuDcEr5VeXtGPRVZ5o/FdhcMlQz4IZQuw64xA=
github.com/emvi/iso-639-1 v1.1.0 h1:EhZiYVA+ysa/b7+0T2DD9hcX7E/5sh4o1KyDAIPu7VE=
github.com/emvi/iso-639-1 v1.1.0/go.mod h1:CSA53/Tx0xF9bk2DEA0Mr0wTdIxq7pqoVZgBOfoL5GI=
github.com/lostdusty/gobalt v1.0.5 h1:SdCW+tHDCBaRE/TYs8FPSUwgDLzinRUY5hlw5KC3flA=
github.com/lostdusty/gobalt v1.0.5/go.mod h1:gv+Hmbv0SC3lWpJvUvxJYRmmcuBjlmhKCIRskk0lSjY=
github.com/mergestat/timediff v0.0.3 h1:ucCNh4/ZrTPjFZ081PccNbhx9spymCJkFxSzgVuPU+Y=
github.com/mergestat/timediff v0.0.3/go.mod h1:yvMUaRu2oetc+9IbPLYBJviz6sA7xz8OXMDfhBl7YSI=
